
Microsoft Visual Studio Solution File, Format Version 12.00
# Visual Studio 2012
Project("{FAE04EC0-301F-11D3-BF4B-00C04F79EFBC}") = "AppSampleBuildConf", "AppSampleBuildConf\AppSampleBuildConf.csproj", "{D9C83643-6ADC-4A80-A8DB-ACD2CE8868E4}"
EndProject
Project("{FAE04EC0-301F-11D3-BF4B-00C04F79EFBC}") = "AppSampleBuildConf.iOS", "iOS\AppSampleBuildConf.iOS.csproj", "{AFDDACB0-CC2F-451F-A448-D5BB5092B596}"
EndProject
Project("{FAE04EC0-301F-11D3-BF4B-00C04F79EFBC}") = "AppSampleBuildConf.Droid", "Droid\AppSampleBuildConf.Droid.csproj", "{57ACABC9-DCCF-493D-BFF7-FC2D396444B3}"
EndProject
Global
	GlobalSection(SolutionConfigurationPlatforms) = preSolution
		Debug|Any CPU = Debug|Any CPU
		Release|Any CPU = Release|Any CPU
		Debug|iPhoneSimulator = Debug|iPhoneSimulator
		Release|iPhone = Release|iPhone
		Release|iPhoneSimulator = Release|iPhoneSimulator
		Debug|iPhone = Debug|iPhone
	EndGlobalSection
	GlobalSection(ProjectConfigurationPlatforms) = postSolution
		{D9C83643-6ADC-4A80-A8DB-ACD2CE8868E4}.Debug|Any CPU.ActiveCfg = Debug|Any CPU
		{D9C83643-6ADC-4A80-A8DB-ACD2CE8868E4}.Debug|Any CPU.Build.0 = Debug|Any CPU
		{D9C83643-6ADC-4A80-A8DB-ACD2CE8868E4}.Release|Any CPU.ActiveCfg = Release|Any CPU
		{D9C83643-6ADC-4A80-A8DB-ACD2CE8868E4}.Release|Any CPU.Build.0 = Release|Any CPU
		{D9C83643-6ADC-4A80-A8DB-ACD2CE8868E4}.Debug|iPhoneSimulator.ActiveCfg = Debug|Any CPU
		{D9C83643-6ADC-4A80-A8DB-ACD2CE8868E4}.Debug|iPhoneSimulator.Build.0 = Debug|Any CPU
		{D9C83643-6ADC-4A80-A8DB-ACD2CE8868E4}.Release|iPhone.ActiveCfg = Release|Any CPU
		{D9C83643-6ADC-4A80-A8DB-ACD2CE8868E4}.Release|iPhone.Build.0 = Release|Any CPU
		{D9C83643-6ADC-4A80-A8DB-ACD2CE8868E4}.Release|iPhoneSimulator.ActiveCfg = Release|Any CPU
		{D9C83643-6ADC-4A80-A8DB-ACD2CE8868E4}.Release|iPhoneSimulator.Build.0 = Release|Any CPU
		{D9C83643-6ADC-4A80-A8DB-ACD2CE8868E4}.Debug|iPhone.ActiveCfg = Debug|Any CPU
		{D9C83643-6ADC-4A80-A8DB-ACD2CE8868E4}.Debug|iPhone.Build.0 = Debug|Any CPU
		{AFDDACB0-CC2F-451F-A448-D5BB5092B596}.Debug|Any CPU.ActiveCfg = Debug|iPhoneSimulator
		{AFDDACB0-CC2F-451F-A448-D5BB5092B596}.Debug|Any CPU.Build.0 = Debug|iPhoneSimulator
		{AFDDACB0-CC2F-451F-A448-D5BB5092B596}.Release|Any CPU.ActiveCfg = Release|iPhone
		{AFDDACB0-CC2F-451F-A448-D5BB5092B596}.Release|Any CPU.Build.0 = Release|iPhone
		{AFDDACB0-CC2F-451F-A448-D5BB5092B596}.Debug|iPhoneSimulator.ActiveCfg = Debug|iPhoneSimulator
		{AFDDACB0-CC2F-451F-A448-D5BB5092B596}.Debug|iPhoneSimulator.Build.0 = Debug|iPhoneSimulator
		{AFDDACB0-CC2F-451F-A448-D5BB5092B596}.Release|iPhone.ActiveCfg = Release|iPhone
		{AFDDACB0-CC2F-451F-A448-D5BB5092B596}.Release|iPhone.Build.0 = Release|iPhone
		{AFDDACB0-CC2F-451F-A448-D5BB5092B596}.Release|iPhoneSimulator.ActiveCfg = Release|iPhoneSimulator
		{AFDDACB0-CC2F-451F-A448-D5BB5092B596}.Release|iPhoneSimulator.Build.0 = Release|iPhoneSimulator
		{AFDDACB0-CC2F-451F-A448-D5BB5092B596}.Debug|iPhone.ActiveCfg = Debug|iPhone
		{AFDDACB0-CC2F-451F-A448-D5BB5092B596}.Debug|iPhone.Build.0 = Debug|iPhone
		{57ACABC9-DCCF-493D-BFF7-FC2D396444B3}.Debug|Any CPU.ActiveCfg = Debug|Any CPU
		{57ACABC9-DCCF-493D-BFF7-FC2D396444B3}.Debug|Any CPU.Build.0 = Debug|Any CPU
		{57ACABC9-DCCF-493D-BFF7-FC2D396444B3}.Release|Any CPU.ActiveCfg = Release|Any CPU
		{57ACABC9-DCCF-493D-BFF7-FC2D396444B3}.Release|Any CPU.Build.0 = Release|Any CPU
		{57ACABC9-DCCF-493D-BFF7-FC2D396444B3}.Debug|iPhoneSimulator.ActiveCfg = Debug|Any CPU
		{57ACABC9-DCCF-493D-BFF7-FC2D396444B3}.Debug|iPhoneSimulator.Build.0 = Debug|Any CPU
		{57ACABC9-DCCF-493D-BFF7-FC2D396444B3}.Release|iPhone.ActiveCfg = Release|Any CPU
		{57ACABC9-DCCF-493D-BFF7-FC2D396444B3}.Release|iPhone.Build.0 = Release|Any CPU
		{57ACABC9-DCCF-493D-BFF7-FC2D396444B3}.Release|iPhoneSimulator.ActiveCfg = Release|Any CPU
		{57ACABC9-DCCF-493D-BFF7-FC2D396444B3}.Release|iPhoneSimulator.Build.0 = Release|Any CPU
		{57ACABC9-DCCF-493D-BFF7-FC2D396444B3}.Debug|iPhone.ActiveCfg = Debug|Any CPU
		{57ACABC9-DCCF-493D-BFF7-FC2D396444B3}.Debug|iPhone.Build.0 = Debug|Any CPU
	EndGlobalSection
EndGlobal
